
Microsoft Visual Studio Solution File, Format Version 12.00
# Visual Studio Version 17
VisualStudioVersion = 17.3.32901.215
MinimumVisualStudioVersion = 10.0.40219.1
Project("{FAE04EC0-301F-11D3-BF4B-00C04F79EFBC}") = "_01.复习", "ConsoleApp1\_01.复习.csproj", "{36773032-EFF0-4F27-94C3-5252DC63C6E2}"
EndProject
Project("{FAE04EC0-301F-11D3-BF4B-00C04F79EFBC}") = "_02.两道作业题", "_02.两道作业题\_02.两道作业题.csproj", "{98BF91E5-E43F-44DB-B637-44FABF56969F}"
EndProject
Project("{FAE04EC0-301F-11D3-BF4B-00C04F79EFBC}") = "_03.类型转换", "_03.类型转换\_03.类型转换.csproj", "{A90A9431-3A8F-4C83-A80C-A3CD6D9E5CAA}"
EndProject
Global
	GlobalSection(SolutionConfigurationPlatforms) = preSolution
		Debug|Any CPU = Debug|Any CPU
		Release|Any CPU = Release|Any CPU
	EndGlobalSection
	GlobalSection(ProjectConfigurationPlatforms) = postSolution
		{36773032-EFF0-4F27-94C3-5252DC63C6E2}.Debug|Any CPU.ActiveCfg = Debug|Any CPU
		{36773032-EFF0-4F27-94C3-5252DC63C6E2}.Debug|Any CPU.Build.0 = Debug|Any CPU
		{36773032-EFF0-4F27-94C3-5252DC63C6E2}.Release|Any CPU.ActiveCfg = Release|Any CPU
		{36773032-EFF0-4F27-94C3-5252DC63C6E2}.Release|Any CPU.Build.0 = Release|Any CPU
		{98BF91E5-E43F-44DB-B637-44FABF56969F}.Debug|Any CPU.ActiveCfg = Debug|Any CPU
		{98BF91E5-E43F-44DB-B637-44FABF56969F}.Debug|Any CPU.Build.0 = Debug|Any CPU
		{98BF91E5-E43F-44DB-B637-44FABF56969F}.Release|Any CPU.ActiveCfg = Release|Any CPU
		{98BF91E5-E43F-44DB-B637-44FABF56969F}.Release|Any CPU.Build.0 = Release|Any CPU
		{A90A9431-3A8F-4C83-A80C-A3CD6D9E5CAA}.Debug|Any CPU.ActiveCfg = Debug|Any CPU
		{A90A9431-3A8F-4C83-A80C-A3CD6D9E5CAA}.Debug|Any CPU.Build.0 = Debug|Any CPU
		{A90A9431-3A8F-4C83-A80C-A3CD6D9E5CAA}.Release|Any CPU.ActiveCfg = Release|Any CPU
		{A90A9431-3A8F-4C83-A80C-A3CD6D9E5CAA}.Release|Any CPU.Build.0 = Release|Any CPU
	EndGlobalSection
	GlobalSection(SolutionProperties) = preSolution
		HideSolutionNode = FALSE
	EndGlobalSection
	GlobalSection(ExtensibilityGlobals) = postSolution
		SolutionGuid = {3695E413-7314-46C6-9398-30F7F99FAC99}
	EndGlobalSection
EndGlobal
